
Microsoft Visual Studio Solution File, Format Version 12.00
# Visual Studio Version 16
VisualStudioVersion = 16.0.31402.337
MinimumVisualStudioVersion = 10.0.40219.1
Project("{9A19103F-16F7-4668-BE54-9A1E7A4F7556}") = "CustomShopMVC", "CustomShopMVC\CustomShopMVC.csproj", "{9698362E-EBA1-41BB-A7AF-0B1560A5C021}"
EndProject
Global
	GlobalSection(SolutionConfigurationPlatforms) = preSolution
		Debug|Any CPU = Debug|Any CPU
		Release|Any CPU = Release|Any CPU
	EndGlobalSection
	GlobalSection(ProjectConfigurationPlatforms) = postSolution
		{9698362E-EBA1-41BB-A7AF-0B1560A5C021}.Debug|Any CPU.ActiveCfg = Debug|Any CPU
		{9698362E-EBA1-41BB-A7AF-0B1560A5C021}.Debug|Any CPU.Build.0 = Debug|Any CPU
		{9698362E-EBA1-41BB-A7AF-0B1560A5C021}.Release|Any CPU.ActiveCfg = Release|Any CPU
		{9698362E-EBA1-41BB-A7AF-0B1560A5C021}.Release|Any CPU.Build.0 = Release|Any CPU
	EndGlobalSection
	GlobalSection(SolutionProperties) = preSolution
		HideSolutionNode = FALSE
	EndGlobalSection
	GlobalSection(ExtensibilityGlobals) = postSolution
		SolutionGuid = {B4940A77-AAD7-41C8-876E-C9C236F85A02}
	EndGlobalSection
EndGlobal
